
Microsoft Visual Studio Solution File, Format Version 12.00
# Visual Studio Version 16
VisualStudioVersion = 16.0.32228.343
MinimumVisualStudioVersion = 10.0.40219.1
Project("{FAE04EC0-301F-11D3-BF4B-00C04F79EFBC}") = "Wpf6", "Wpf6\Wpf6.csproj", "{9AC72054-6762-4A6B-921D-14D57FF713F4}"
EndProject
Global
	GlobalSection(SolutionConfigurationPlatforms) = preSolution
		Debug|Any CPU = Debug|Any CPU
		Release|Any CPU = Release|Any CPU
	EndGlobalSection
	GlobalSection(ProjectConfigurationPlatforms) = postSolution
		{9AC72054-6762-4A6B-921D-14D57FF713F4}.Debug|Any CPU.ActiveCfg = Debug|Any CPU
		{9AC72054-6762-4A6B-921D-14D57FF713F4}.Debug|Any CPU.Build.0 = Debug|Any CPU
		{9AC72054-6762-4A6B-921D-14D57FF713F4}.Release|Any CPU.ActiveCfg = Release|Any CPU
		{9AC72054-6762-4A6B-921D-14D57FF713F4}.Release|Any CPU.Build.0 = Release|Any CPU
	EndGlobalSection
	GlobalSection(SolutionProperties) = preSolution
		HideSolutionNode = FALSE
	EndGlobalSection
	GlobalSection(ExtensibilityGlobals) = postSolution
		SolutionGuid = {286833AE-3DD6-457D-8752-B1F1E30C7F76}
	EndGlobalSection
EndGlobal
